
Microsoft Visual Studio Solution File, Format Version 12.00
# Visual Studio Version 17
VisualStudioVersion = 17.10.35122.118
MinimumVisualStudioVersion = 10.0.40219.1
Project("{FAE04EC0-301F-11D3-BF4B-00C04F79EFBC}") = "MessageBox", "MessageBox\MessageBox.csproj", "{C2B3FD3F-9FFA-42C8-A6C6-F50FBC1C3816}"
EndProject
Global
	GlobalSection(SolutionConfigurationPlatforms) = preSolution
		Debug|Any CPU = Debug|Any CPU
		Release|Any CPU = Release|Any CPU
	EndGlobalSection
	GlobalSection(ProjectConfigurationPlatforms) = postSolution
		{C2B3FD3F-9FFA-42C8-A6C6-F50FBC1C3816}.Debug|Any CPU.ActiveCfg = Debug|Any CPU
		{C2B3FD3F-9FFA-42C8-A6C6-F50FBC1C3816}.Debug|Any CPU.Build.0 = Debug|Any CPU
		{C2B3FD3F-9FFA-42C8-A6C6-F50FBC1C3816}.Release|Any CPU.ActiveCfg = Release|Any CPU
		{C2B3FD3F-9FFA-42C8-A6C6-F50FBC1C3816}.Release|Any CPU.Build.0 = Release|Any CPU
	EndGlobalSection
	GlobalSection(SolutionProperties) = preSolution
		HideSolutionNode = FALSE
	EndGlobalSection
	GlobalSection(ExtensibilityGlobals) = postSolution
		SolutionGuid = {800EA11C-722A-4138-B28E-9124503FC50C}
	EndGlobalSection
EndGlobal
